
Microsoft Visual Studio Solution File, Format Version 12.00
Project("{FAE04EC0-301F-11D3-BF4B-00C04F79EFBC}") = "for2", "for2\for2.csproj", "{B9FAB94A-391B-495A-9FFA-70B37E691E67}"
EndProject
Global
	GlobalSection(SolutionConfigurationPlatforms) = preSolution
		Debug|Any CPU = Debug|Any CPU
		Release|Any CPU = Release|Any CPU
	EndGlobalSection
	GlobalSection(ProjectConfigurationPlatforms) = postSolution
		{B9FAB94A-391B-495A-9FFA-70B37E691E67}.Debug|Any CPU.ActiveCfg = Debug|Any CPU
		{B9FAB94A-391B-495A-9FFA-70B37E691E67}.Debug|Any CPU.Build.0 = Debug|Any CPU
		{B9FAB94A-391B-495A-9FFA-70B37E691E67}.Release|Any CPU.ActiveCfg = Release|Any CPU
		{B9FAB94A-391B-495A-9FFA-70B37E691E67}.Release|Any CPU.Build.0 = Release|Any CPU
	EndGlobalSection
EndGlobal
